
Microsoft Visual Studio Solution File, Format Version 12.00
Project("{FAE04EC0-301F-11D3-BF4B-00C04F79EFBC}") = "WinLinkCreator", "WinLinkCreator\WinLinkCreator.csproj", "{5C293217-60A9-4824-B1EA-0EF09AB101DD}"
EndProject
Global
	GlobalSection(SolutionConfigurationPlatforms) = preSolution
		Debug|Any CPU = Debug|Any CPU
		Release|Any CPU = Release|Any CPU
	EndGlobalSection
	GlobalSection(ProjectConfigurationPlatforms) = postSolution
		{5C293217-60A9-4824-B1EA-0EF09AB101DD}.Debug|Any CPU.ActiveCfg = Debug|Any CPU
		{5C293217-60A9-4824-B1EA-0EF09AB101DD}.Debug|Any CPU.Build.0 = Debug|Any CPU
		{5C293217-60A9-4824-B1EA-0EF09AB101DD}.Release|Any CPU.ActiveCfg = Release|Any CPU
		{5C293217-60A9-4824-B1EA-0EF09AB101DD}.Release|Any CPU.Build.0 = Release|Any CPU
	EndGlobalSection
EndGlobal
